
Microsoft Visual Studio Solution File, Format Version 12.00
# Visual Studio 14
VisualStudioVersion = 14.0.25420.1
MinimumVisualStudioVersion = 10.0.40219.1
Project("{FAE04EC0-301F-11D3-BF4B-00C04F79EFBC}") = "TicTacToe.UnitTests", "ClassLibrary1\TicTacToe.UnitTests.csproj", "{3E55BAB3-627B-495F-958C-BF59CC7AF00A}"
EndProject
Project("{FAE04EC0-301F-11D3-BF4B-00C04F79EFBC}") = "TicTacToe.Services", "ClassLibrary2\TicTacToe.Services.csproj", "{2400C907-4303-4DD9-8FEA-CA9714758D04}"
EndProject
Global
	GlobalSection(SolutionConfigurationPlatforms) = preSolution
		Debug|Any CPU = Debug|Any CPU
		Release|Any CPU = Release|Any CPU
	EndGlobalSection
	GlobalSection(ProjectConfigurationPlatforms) = postSolution
		{3E55BAB3-627B-495F-958C-BF59CC7AF00A}.Debug|Any CPU.ActiveCfg = Debug|Any CPU
		{3E55BAB3-627B-495F-958C-BF59CC7AF00A}.Debug|Any CPU.Build.0 = Debug|Any CPU
		{3E55BAB3-627B-495F-958C-BF59CC7AF00A}.Release|Any CPU.ActiveCfg = Release|Any CPU
		{3E55BAB3-627B-495F-958C-BF59CC7AF00A}.Release|Any CPU.Build.0 = Release|Any CPU
		{2400C907-4303-4DD9-8FEA-CA9714758D04}.Debug|Any CPU.ActiveCfg = Debug|Any CPU
		{2400C907-4303-4DD9-8FEA-CA9714758D04}.Debug|Any CPU.Build.0 = Debug|Any CPU
		{2400C907-4303-4DD9-8FEA-CA9714758D04}.Release|Any CPU.ActiveCfg = Release|Any CPU
		{2400C907-4303-4DD9-8FEA-CA9714758D04}.Release|Any CPU.Build.0 = Release|Any CPU
	EndGlobalSection
	GlobalSection(SolutionProperties) = preSolution
		HideSolutionNode = FALSE
	EndGlobalSection
EndGlobal
